
Microsoft Visual Studio Solution File, Format Version 12.00
# Visual Studio Version 17
VisualStudioVersion = 17.14.36408.4 d17.14
MinimumVisualStudioVersion = 10.0.40219.1
Project("{FAE04EC0-301F-11D3-BF4B-00C04F79EFBC}") = "Product.Api", "src\Product.Api\Product.Api.csproj", "{9886D4AE-8408-AAB1-A604-B8CDB2F1CE21}"
EndProject
Project("{FAE04EC0-301F-11D3-BF4B-00C04F79EFBC}") = "Product.Api.Tests", "test\Product.Api.Tests\Product.Api.Tests.csproj", "{1A8EC8FD-BDBD-4262-A33D-A40E23521162}"
EndProject
Global
	GlobalSection(SolutionConfigurationPlatforms) = preSolution
		Debug|Any CPU = Debug|Any CPU
		Release|Any CPU = Release|Any CPU
	EndGlobalSection
	GlobalSection(ProjectConfigurationPlatforms) = postSolution
		{9886D4AE-8408-AAB1-A604-B8CDB2F1CE21}.Debug|Any CPU.ActiveCfg = Debug|Any CPU
		{9886D4AE-8408-AAB1-A604-B8CDB2F1CE21}.Debug|Any CPU.Build.0 = Debug|Any CPU
		{9886D4AE-8408-AAB1-A604-B8CDB2F1CE21}.Release|Any CPU.ActiveCfg = Release|Any CPU
		{9886D4AE-8408-AAB1-A604-B8CDB2F1CE21}.Release|Any CPU.Build.0 = Release|Any CPU
		{1A8EC8FD-BDBD-4262-A33D-A40E23521162}.Debug|Any CPU.ActiveCfg = Debug|Any CPU
		{1A8EC8FD-BDBD-4262-A33D-A40E23521162}.Debug|Any CPU.Build.0 = Debug|Any CPU
		{1A8EC8FD-BDBD-4262-A33D-A40E23521162}.Release|Any CPU.ActiveCfg = Release|Any CPU
		{1A8EC8FD-BDBD-4262-A33D-A40E23521162}.Release|Any CPU.Build.0 = Release|Any CPU
	EndGlobalSection
	GlobalSection(SolutionProperties) = preSolution
		HideSolutionNode = FALSE
	EndGlobalSection
	GlobalSection(ExtensibilityGlobals) = postSolution
		SolutionGuid = {8E940234-4D95-47DB-B68F-CC7C56A99BF8}
	EndGlobalSection
EndGlobal
